
Microsoft Visual Studio Solution File, Format Version 12.00
# Visual Studio 2013
VisualStudioVersion = 12.0.31101.0
MinimumVisualStudioVersion = 10.0.40219.1
Project("{FAE04EC0-301F-11D3-BF4B-00C04F79EFBC}") = "OpenTok", "OpenTok\OpenTok.csproj", "{5CA3CED1-4957-4968-900B-02F0493058E7}"
EndProject
Project("{2150E333-8FDC-42A3-9474-1A3956D46DE8}") = "Solution Items", "Solution Items", "{DC02B3EA-F1B3-4A39-A151-4FE61A39F209}"
	ProjectSection(SolutionItems) = preProject
		.gitattributes = .gitattributes
		.gitignore = .gitignore
		.travis.yml = .travis.yml
		appveyor.yml = appveyor.yml
		CONTRIBUTING.md = CONTRIBUTING.md
		DEVELOPING.md = DEVELOPING.md
		README.md = README.md
	EndProjectSection
EndProject
Project("{FAE04EC0-301F-11D3-BF4B-00C04F79EFBC}") = "OpenTokTest", "OpenTokTest\OpenTokTest.csproj", "{8A4E545A-4A4D-419F-A5B2-567586436764}"
EndProject
Project("{FAE04EC0-301F-11D3-BF4B-00C04F79EFBC}") = "HelloWorld", "Samples\HelloWorld\HelloWorld.csproj", "{F8A5A9AD-F680-46F4-806F-653E7E51A030}"
EndProject
Project("{FAE04EC0-301F-11D3-BF4B-00C04F79EFBC}") = "Archiving", "Samples\Archiving\Archiving.csproj", "{B6EFF9BA-20CD-4BDE-B67B-C8E22F00E640}"
EndProject
Global
	GlobalSection(SolutionConfigurationPlatforms) = preSolution
		Debug|Any CPU = Debug|Any CPU
		Release|Any CPU = Release|Any CPU
	EndGlobalSection
	GlobalSection(ProjectConfigurationPlatforms) = postSolution
		{5CA3CED1-4957-4968-900B-02F0493058E7}.Debug|Any CPU.ActiveCfg = Debug|Any CPU
		{5CA3CED1-4957-4968-900B-02F0493058E7}.Debug|Any CPU.Build.0 = Debug|Any CPU
		{5CA3CED1-4957-4968-900B-02F0493058E7}.Release|Any CPU.ActiveCfg = Release|Any CPU
		{5CA3CED1-4957-4968-900B-02F0493058E7}.Release|Any CPU.Build.0 = Release|Any CPU
		{8A4E545A-4A4D-419F-A5B2-567586436764}.Debug|Any CPU.ActiveCfg = Debug|Any CPU
		{8A4E545A-4A4D-419F-A5B2-567586436764}.Debug|Any CPU.Build.0 = Debug|Any CPU
		{8A4E545A-4A4D-419F-A5B2-567586436764}.Release|Any CPU.ActiveCfg = Release|Any CPU
		{8A4E545A-4A4D-419F-A5B2-567586436764}.Release|Any CPU.Build.0 = Release|Any CPU
		{F8A5A9AD-F680-46F4-806F-653E7E51A030}.Debug|Any CPU.ActiveCfg = Debug|Any CPU
		{F8A5A9AD-F680-46F4-806F-653E7E51A030}.Debug|Any CPU.Build.0 = Debug|Any CPU
		{F8A5A9AD-F680-46F4-806F-653E7E51A030}.Release|Any CPU.ActiveCfg = Release|Any CPU
		{F8A5A9AD-F680-46F4-806F-653E7E51A030}.Release|Any CPU.Build.0 = Release|Any CPU
		{B6EFF9BA-20CD-4BDE-B67B-C8E22F00E640}.Debug|Any CPU.ActiveCfg = Debug|Any CPU
		{B6EFF9BA-20CD-4BDE-B67B-C8E22F00E640}.Debug|Any CPU.Build.0 = Debug|Any CPU
		{B6EFF9BA-20CD-4BDE-B67B-C8E22F00E640}.Release|Any CPU.ActiveCfg = Release|Any CPU
		{B6EFF9BA-20CD-4BDE-B67B-C8E22F00E640}.Release|Any CPU.Build.0 = Release|Any CPU
	EndGlobalSection
	GlobalSection(SolutionProperties) = preSolution
		HideSolutionNode = FALSE
	EndGlobalSection
EndGlobal
